{
  "requires": true,
  "lockfileVersion": 1,
  "dependencies": {
    "audit": {
      "version": "0.0.6",
      "resolved": "https://registry.npmjs.org/audit/-/audit-0.0.6.tgz",
      "integrity": "sha1-/vF92Erx3NKlYz/UbTsa3LCEvzs="
    },
    "ng-audit": {
      "version": "1.0.0",
      "resolved": "https://registry.npmjs.org/ng-audit/-/ng-audit-1.0.0.tgz",
      "integrity": "sha1-y2P6/c+kdMTHDzDKCOhi2c+xd1Y="
    }
  }
}
